<?xml version="1.0" encoding="utf-8"?>
<Project ToolsVersion="4.0" xmlns="http://schemas.microsoft.com/developer/msbuild/2003">
  <ItemGroup>
    <FxCompile Include="Data\Common.hlsli">
      <Filter>Shaders</Filter>
    </FxCompile>
    <FxCompile Include="Data\Hit.hlsl">
      <Filter>Shaders</Filter>
    </FxCompile>
    <FxCompile Include="Data\Miss.hlsl">
      <Filter>Shaders</Filter>
    </FxCompile>
    <FxCompile Include="Data\offline shaders\offline_Hit.hlsl">
      <Filter>Shaders</Filter>
    </FxCompile>
    <FxCompile Include="Data\offline shaders\offline_Miss.hlsl">
      <Filter>Shaders</Filter>
    </FxCompile>
    <FxCompile Include="Data\offline shaders\offline_RayGeneration.hlsl">
      <Filter>Shaders</Filter>
    </FxCompile>
    <FxCompile Include="Data\RayGeneration.hlsl">
      <Filter>Shaders</Filter>
    </FxCompile>
    <FxCompile Include="Data\ShadowMap.hlsl">
      <Filter>Shaders</Filter>
    </FxCompile>
    <FxCompile Include="Data\ShadowRay.hlsl">
      <Filter>Shaders</Filter>
    </FxCompile>
    <FxCompile Include="Data\SpatialFilter.hlsl">
      <Filter>Shaders</Filter>
    </FxCompile>
  </ItemGroup>
  <ItemGroup>
    <CustomBuild Include="Data\GBuffer.hlsl">
      <Filter>Shaders</Filter>
    </CustomBuild>
    <CustomBuild Include="Data\MotionVectors.hlsl">
      <Filter>Shaders</Filter>
    </CustomBuild>
    <CustomBuild Include="Data\TemporalFilter.hlsl">
      <Filter>Shaders</Filter>
    </CustomBuild>
    <CustomBuild Include="Data\ToneMapping.hlsl">
      <Filter>Shaders</Filter>
    </CustomBuild>
  </ItemGroup>
  <ItemGroup>
    <None Include="packages.config" />
    <None Include="Data\hlslUtils.hlsli">
      <Filter>Shaders</Filter>
    </None>
    <None Include="Data\MotionVectors.hlsli">
      <Filter>Shaders</Filter>
    </None>
    <None Include="Data\ToneMapping.hlsli">
      <Filter>Shaders</Filter>
    </None>
  </ItemGroup>
  <ItemGroup>
    <Filter Include="Shaders">
      <UniqueIdentifier>{8efab455-c850-42b9-9521-0cfbc2827580}</UniqueIdentifier>
    </Filter>
  </ItemGroup>
  <ItemGroup>
    <ClCompile Include="Model.cpp" />
  </ItemGroup>
  <ItemGroup>
    <ClInclude Include="Model.h" />
  </ItemGroup>
</Project>