<?xml version="1.0" encoding="utf-8"?>
<Project ToolsVersion="4.0" xmlns="http://schemas.microsoft.com/developer/msbuild/2003">
  <ItemGroup>
    <Filter Include="Data">
      <UniqueIdentifier>{5feff271-1653-48df-a5a7-dc26fac70e96}</UniqueIdentifier>
    </Filter>
  </ItemGroup>
  <ItemGroup>
    <ClCompile Include="Path-tracer.cpp" />
  </ItemGroup>
  <ItemGroup>
    <ClInclude Include="Path-tracer.h" />
    <ClInclude Include="Data\occcity.h">
      <Filter>Data</Filter>
    </ClInclude>
  </ItemGroup>
  <ItemGroup>
    <FxCompile Include="Data\Shaders.hlsl">
      <Filter>Data</Filter>
    </FxCompile>
  </ItemGroup>
  <ItemGroup>
    <None Include="Data\occcity.bin">
      <Filter>Data</Filter>
    </None>
  </ItemGroup>
</Project>