<?xml version="1.0" encoding="utf-8"?>
<Project ToolsVersion="4.0" xmlns="http://schemas.microsoft.com/developer/msbuild/2003">
  <ItemGroup>
    <Filter Include="Data">
      <UniqueIdentifier>{5feff271-1653-48df-a5a7-dc26fac70e96}</UniqueIdentifier>
    </Filter>
  </ItemGroup>
  <ItemGroup>
    <ClCompile Include="Path-tracer.cpp" />
    <ClCompile Include="Model.cpp" />
  </ItemGroup>
  <ItemGroup>
    <ClInclude Include="Path-tracer.h" />
    <ClInclude Include="Model.h" />
  </ItemGroup>
  <ItemGroup>
    <FxCompile Include="Data\Miss.hlsl">
      <Filter>Data</Filter>
    </FxCompile>
    <FxCompile Include="Data\Hit.hlsl">
      <Filter>Data</Filter>
    </FxCompile>
    <FxCompile Include="Data\RayGeneration.hlsl">
      <Filter>Data</Filter>
    </FxCompile>
    <FxCompile Include="Data\Common.hlsli">
      <Filter>Data</Filter>
    </FxCompile>
    <FxCompile Include="Data\ShadowRay.hlsl">
      <Filter>Data</Filter>
    </FxCompile>
    <FxCompile Include="Data\PostProcessing.hlsl">
      <Filter>Data</Filter>
    </FxCompile>
    <FxCompile Include="Data\Blur.hlsl">
      <Filter>Data</Filter>
    </FxCompile>
  </ItemGroup>
  <ItemGroup>
    <None Include="packages.config" />
    <None Include="Data\hlslUtils.hlsli">
      <Filter>Data</Filter>
    </None>
    <None Include="Data\ToneMapping.hlsli">
      <Filter>Data</Filter>
    </None>
    <None Include="Data\MotionVectors.hlsli">
      <Filter>Data</Filter>
    </None>
  </ItemGroup>
  <ItemGroup>
    <CustomBuild Include="Data\RasterShaders.hlsl">
      <Filter>Data</Filter>
    </CustomBuild>
    <CustomBuild Include="Data\ToneMapping.hlsl">
      <Filter>Data</Filter>
    </CustomBuild>
    <CustomBuild Include="Data\TemporalFilter.hlsl">
      <Filter>Data</Filter>
    </CustomBuild>
    <CustomBuild Include="Data\MotionVectors.hlsl">
      <Filter>Data</Filter>
    </CustomBuild>
    <CustomBuild Include="Data\GBuffer.hlsl" />
  </ItemGroup>
</Project>